
Microsoft Visual Studio Solution File, Format Version 12.00
# Visual Studio Version 16
VisualStudioVersion = 16.0.28916.44
MinimumVisualStudioVersion = 10.0.40219.1
Project("{FAE04EC0-301F-11D3-BF4B-00C04F79EFBC}") = "eShop.ClassicWPF", "src\eShop.ClassicWPF\eShop.ClassicWPF.csproj", "{4579B270-03E3-4F57-BF7C-8B191400E4C6}"
EndProject
Project("{9A19103F-16F7-4668-BE54-9A1E7A4F7556}") = "eShop.SqlProvider", "src\eShop.SqlProvider\eShop.SqlProvider.csproj", "{A1CB34ED-C66F-4C49-AEF2-0A6B2D3D16FA}"
EndProject
Global
	GlobalSection(SolutionConfigurationPlatforms) = preSolution
		Debug|Any CPU = Debug|Any CPU
		Release|Any CPU = Release|Any CPU
	EndGlobalSection
	GlobalSection(ProjectConfigurationPlatforms) = postSolution
		{4579B270-03E3-4F57-BF7C-8B191400E4C6}.Debug|Any CPU.ActiveCfg = Debug|Any CPU
		{4579B270-03E3-4F57-BF7C-8B191400E4C6}.Debug|Any CPU.Build.0 = Debug|Any CPU
		{4579B270-03E3-4F57-BF7C-8B191400E4C6}.Release|Any CPU.ActiveCfg = Release|Any CPU
		{4579B270-03E3-4F57-BF7C-8B191400E4C6}.Release|Any CPU.Build.0 = Release|Any CPU
		{A1CB34ED-C66F-4C49-AEF2-0A6B2D3D16FA}.Debug|Any CPU.ActiveCfg = Debug|Any CPU
		{A1CB34ED-C66F-4C49-AEF2-0A6B2D3D16FA}.Debug|Any CPU.Build.0 = Debug|Any CPU
		{A1CB34ED-C66F-4C49-AEF2-0A6B2D3D16FA}.Release|Any CPU.ActiveCfg = Release|Any CPU
		{A1CB34ED-C66F-4C49-AEF2-0A6B2D3D16FA}.Release|Any CPU.Build.0 = Release|Any CPU
	EndGlobalSection
	GlobalSection(SolutionProperties) = preSolution
		HideSolutionNode = FALSE
	EndGlobalSection
	GlobalSection(ExtensibilityGlobals) = postSolution
		SolutionGuid = {D1C6AB53-90D5-4B7B-BA1F-E9EDBCA5536C}
	EndGlobalSection
EndGlobal
